
Microsoft Visual Studio Solution File, Format Version 12.00
# Visual Studio Version 16
VisualStudioVersion = 16.0.29920.165
MinimumVisualStudioVersion = 10.0.40219.1
Project("{FAE04EC0-301F-11D3-BF4B-00C04F79EFBC}") = "Frontend", "Frontend\Frontend.csproj", "{4CCAA977-7476-429C-8C8A-F6C7002FDA82}"
EndProject
Project("{FAE04EC0-301F-11D3-BF4B-00C04F79EFBC}") = "Utilities", "Utilities\Utilities.csproj", "{29A5DEDE-7266-4C6A-9EBF-5F09DED85E95}"
EndProject
Project("{FAE04EC0-301F-11D3-BF4B-00C04F79EFBC}") = "DAL", "DAL\DAL.csproj", "{88869CBB-E0DB-4D93-8ACC-DA9E2DC011EA}"
EndProject
Global
	GlobalSection(SolutionConfigurationPlatforms) = preSolution
		Debug|Any CPU = Debug|Any CPU
		Release|Any CPU = Release|Any CPU
	EndGlobalSection
	GlobalSection(ProjectConfigurationPlatforms) = postSolution
		{4CCAA977-7476-429C-8C8A-F6C7002FDA82}.Debug|Any CPU.ActiveCfg = Debug|Any CPU
		{4CCAA977-7476-429C-8C8A-F6C7002FDA82}.Debug|Any CPU.Build.0 = Debug|Any CPU
		{4CCAA977-7476-429C-8C8A-F6C7002FDA82}.Release|Any CPU.ActiveCfg = Release|Any CPU
		{4CCAA977-7476-429C-8C8A-F6C7002FDA82}.Release|Any CPU.Build.0 = Release|Any CPU
		{29A5DEDE-7266-4C6A-9EBF-5F09DED85E95}.Debug|Any CPU.ActiveCfg = Debug|Any CPU
		{29A5DEDE-7266-4C6A-9EBF-5F09DED85E95}.Debug|Any CPU.Build.0 = Debug|Any CPU
		{29A5DEDE-7266-4C6A-9EBF-5F09DED85E95}.Release|Any CPU.ActiveCfg = Release|Any CPU
		{29A5DEDE-7266-4C6A-9EBF-5F09DED85E95}.Release|Any CPU.Build.0 = Release|Any CPU
		{88869CBB-E0DB-4D93-8ACC-DA9E2DC011EA}.Debug|Any CPU.ActiveCfg = Debug|Any CPU
		{88869CBB-E0DB-4D93-8ACC-DA9E2DC011EA}.Debug|Any CPU.Build.0 = Debug|Any CPU
		{88869CBB-E0DB-4D93-8ACC-DA9E2DC011EA}.Release|Any CPU.ActiveCfg = Release|Any CPU
		{88869CBB-E0DB-4D93-8ACC-DA9E2DC011EA}.Release|Any CPU.Build.0 = Release|Any CPU
	EndGlobalSection
	GlobalSection(SolutionProperties) = preSolution
		HideSolutionNode = FALSE
	EndGlobalSection
	GlobalSection(ExtensibilityGlobals) = postSolution
		SolutionGuid = {F513E14A-27B3-4995-A5F8-2912EEED87B8}
	EndGlobalSection
EndGlobal
